Microsoft Visual Studio Solution File, Format Version 12.00
# Visual Studio Version 17
VisualStudioVersion = 17.5.2.0
MinimumVisualStudioVersion = 10.0.40219.1
Project("{FAE04EC0-301F-11D3-BF4B-00C04F79EFBC}") = "LojaGR", "LojaGR.csproj", "{6101A506-788D-20B8-C7A6-B65D698727C4}"
EndProject
Global
	GlobalSection(SolutionConfigurationPlatforms) = preSolution
		Debug|Any CPU = Debug|Any CPU
		Release|Any CPU = Release|Any CPU
	EndGlobalSection
	GlobalSection(ProjectConfigurationPlatforms) = postSolution
		{6101A506-788D-20B8-C7A6-B65D698727C4}.Debug|Any CPU.ActiveCfg = Debug|Any CPU
		{6101A506-788D-20B8-C7A6-B65D698727C4}.Debug|Any CPU.Build.0 = Debug|Any CPU
		{6101A506-788D-20B8-C7A6-B65D698727C4}.Release|Any CPU.ActiveCfg = Release|Any CPU
		{6101A506-788D-20B8-C7A6-B65D698727C4}.Release|Any CPU.Build.0 = Release|Any CPU
	EndGlobalSection
	GlobalSection(SolutionProperties) = preSolution
		HideSolutionNode = FALSE
	EndGlobalSection
	GlobalSection(ExtensibilityGlobals) = postSolution
		SolutionGuid = {8BC9996C-26A8-4434-8312-D05063667C05}
	EndGlobalSection
EndGlobal
